
Microsoft Visual Studio Solution File, Format Version 12.00
# Visual Studio Version 17
VisualStudioVersion = 17.1.32319.34
MinimumVisualStudioVersion = 10.0.40219.1
Project("{9A19103F-16F7-4668-BE54-9A1E7A4F7556}") = "BBSK_Psycho", "BBSK_Psychologists\BBSK_Psycho.csproj", "{69AE2E0C-5BA7-4BBD-8937-BA4A02484929}"
EndProject
Project("{9A19103F-16F7-4668-BE54-9A1E7A4F7556}") = "BBSK_Psychologists.Tests", "BBSK-Psychologists.Tests\BBSK_Psychologists.Tests.csproj", "{265FFC5F-9E18-4A03-BE06-9722C190753F}"
EndProject
Project("{9A19103F-16F7-4668-BE54-9A1E7A4F7556}") = "BBSK_Psycho.DataLayer", "BBSK_Psycho.DataLayer\BBSK_Psycho.DataLayer.csproj", "{CFE8902A-501F-4E25-8034-6498B6AA172A}"
EndProject
Project("{9A19103F-16F7-4668-BE54-9A1E7A4F7556}") = "BBSK_Psycho.BusinessLayer", "BBSK_Psycho.BusinessLayer\BBSK_Psycho.BusinessLayer.csproj", "{BDDFD280-529E-45F2-A6FF-3614787103B6}"
EndProject
Project("{9A19103F-16F7-4668-BE54-9A1E7A4F7556}") = "BBSK_Psycho.BusinessLayer.Tests", "BBSK_Psycho.BusinessLayer.Tests\BBSK_Psycho.BusinessLayer.Tests.csproj", "{6781DA70-B11E-43B5-8F64-E8FBE808F6E5}"
EndProject
Global
	GlobalSection(SolutionConfigurationPlatforms) = preSolution
		Debug|Any CPU = Debug|Any CPU
		Release|Any CPU = Release|Any CPU
	EndGlobalSection
	GlobalSection(ProjectConfigurationPlatforms) = postSolution
		{69AE2E0C-5BA7-4BBD-8937-BA4A02484929}.Debug|Any CPU.ActiveCfg = Debug|Any CPU
		{69AE2E0C-5BA7-4BBD-8937-BA4A02484929}.Debug|Any CPU.Build.0 = Debug|Any CPU
		{69AE2E0C-5BA7-4BBD-8937-BA4A02484929}.Release|Any CPU.ActiveCfg = Release|Any CPU
		{69AE2E0C-5BA7-4BBD-8937-BA4A02484929}.Release|Any CPU.Build.0 = Release|Any CPU
		{265FFC5F-9E18-4A03-BE06-9722C190753F}.Debug|Any CPU.ActiveCfg = Debug|Any CPU
		{265FFC5F-9E18-4A03-BE06-9722C190753F}.Debug|Any CPU.Build.0 = Debug|Any CPU
		{265FFC5F-9E18-4A03-BE06-9722C190753F}.Release|Any CPU.ActiveCfg = Release|Any CPU
		{265FFC5F-9E18-4A03-BE06-9722C190753F}.Release|Any CPU.Build.0 = Release|Any CPU
		{CFE8902A-501F-4E25-8034-6498B6AA172A}.Debug|Any CPU.ActiveCfg = Debug|Any CPU
		{CFE8902A-501F-4E25-8034-6498B6AA172A}.Debug|Any CPU.Build.0 = Debug|Any CPU
		{CFE8902A-501F-4E25-8034-6498B6AA172A}.Release|Any CPU.ActiveCfg = Release|Any CPU
		{CFE8902A-501F-4E25-8034-6498B6AA172A}.Release|Any CPU.Build.0 = Release|Any CPU
		{BDDFD280-529E-45F2-A6FF-3614787103B6}.Debug|Any CPU.ActiveCfg = Debug|Any CPU
		{BDDFD280-529E-45F2-A6FF-3614787103B6}.Debug|Any CPU.Build.0 = Debug|Any CPU
		{BDDFD280-529E-45F2-A6FF-3614787103B6}.Release|Any CPU.ActiveCfg = Release|Any CPU
		{BDDFD280-529E-45F2-A6FF-3614787103B6}.Release|Any CPU.Build.0 = Release|Any CPU
		{6781DA70-B11E-43B5-8F64-E8FBE808F6E5}.Debug|Any CPU.ActiveCfg = Debug|Any CPU
		{6781DA70-B11E-43B5-8F64-E8FBE808F6E5}.Debug|Any CPU.Build.0 = Debug|Any CPU
		{6781DA70-B11E-43B5-8F64-E8FBE808F6E5}.Release|Any CPU.ActiveCfg = Release|Any CPU
		{6781DA70-B11E-43B5-8F64-E8FBE808F6E5}.Release|Any CPU.Build.0 = Release|Any CPU
	EndGlobalSection
	GlobalSection(SolutionProperties) = preSolution
		HideSolutionNode = FALSE
	EndGlobalSection
	GlobalSection(ExtensibilityGlobals) = postSolution
		SolutionGuid = {398DDA38-C713-4022-9AEA-76B4E21CC7C1}
	EndGlobalSection
EndGlobal
